{
  "name": "ripple",
  "version": "0.1.0",
  "lockfileVersion": 2,
  "requires": true,
  "packages": {
    "": {
      "name": "ripple",
      "version": "0.1.0",
      "dependencies": {
        "@fontsource/alegreya-sans": "^4.5.8",
        "@fontsource/source-sans-pro": "^4.5.10"
      }
    },
    "node_modules/@fontsource/alegreya-sans": {
      "version": "4.5.8",
      "resolved": "https://registry.npmjs.org/@fontsource/alegreya-sans/-/alegreya-sans-4.5.8.tgz",
      "integrity": "sha512-+wateZ0x/gG9miEY3U0iCYDteEMM7eMgrV9LmpD1wxP+7/XWFQ+189ZmlNCnmpNSfDWZcCMSsjU/vWbbLpgcmA=="
    },
    "node_modules/@fontsource/source-sans-pro": {
      "version": "4.5.10",
      "resolved": "https://registry.npmjs.org/@fontsource/source-sans-pro/-/source-sans-pro-4.5.10.tgz",
      "integrity": "sha512-8+MeEY0I3cBRmnzWBG3y4QsStbugPY3YGi20m71ElR7LUfSJt5UZNiCC6MI7V2wdsVGhiYORNW9J3aVo4LwFsw=="
    }
  },
  "dependencies": {
    "@fontsource/alegreya-sans": {
      "version": "4.5.8",
      "resolved": "https://registry.npmjs.org/@fontsource/alegreya-sans/-/alegreya-sans-4.5.8.tgz",
      "integrity": "sha512-+wateZ0x/gG9miEY3U0iCYDteEMM7eMgrV9LmpD1wxP+7/XWFQ+189ZmlNCnmpNSfDWZcCMSsjU/vWbbLpgcmA=="
    },
    "@fontsource/source-sans-pro": {
      "version": "4.5.10",
      "resolved": "https://registry.npmjs.org/@fontsource/source-sans-pro/-/source-sans-pro-4.5.10.tgz",
      "integrity": "sha512-8+MeEY0I3cBRmnzWBG3y4QsStbugPY3YGi20m71ElR7LUfSJt5UZNiCC6MI7V2wdsVGhiYORNW9J3aVo4LwFsw=="
    }
  }
}
